
Microsoft Visual Studio Solution File, Format Version 12.00
# Visual Studio Version 17
VisualStudioVersion = 17.3.32804.467
MinimumVisualStudioVersion = 10.0.40219.1
Project("{FAE04EC0-301F-11D3-BF4B-00C04F79EFBC}") = "universityPersonnel", "universityPersonnel\universityPersonnel.csproj", "{5246E8A9-35EB-43F5-BD41-724352448045}"
EndProject
Global
	GlobalSection(SolutionConfigurationPlatforms) = preSolution
		Debug|Any CPU = Debug|Any CPU
		Release|Any CPU = Release|Any CPU
	EndGlobalSection
	GlobalSection(ProjectConfigurationPlatforms) = postSolution
		{5246E8A9-35EB-43F5-BD41-724352448045}.Debug|Any CPU.ActiveCfg = Debug|Any CPU
		{5246E8A9-35EB-43F5-BD41-724352448045}.Debug|Any CPU.Build.0 = Debug|Any CPU
		{5246E8A9-35EB-43F5-BD41-724352448045}.Release|Any CPU.ActiveCfg = Release|Any CPU
		{5246E8A9-35EB-43F5-BD41-724352448045}.Release|Any CPU.Build.0 = Release|Any CPU
	EndGlobalSection
	GlobalSection(SolutionProperties) = preSolution
		HideSolutionNode = FALSE
	EndGlobalSection
	GlobalSection(ExtensibilityGlobals) = postSolution
		SolutionGuid = {C3F7E66C-86EC-4D39-B900-15745CE5EB71}
	EndGlobalSection
EndGlobal
